
Microsoft Visual Studio Solution File, Format Version 12.00
# Visual Studio Version 17
VisualStudioVersion = 17.11.35312.102
MinimumVisualStudioVersion = 10.0.40219.1
Project("{9A19103F-16F7-4668-BE54-9A1E7A4F7556}") = "SkyEye.Connector", "SkyEye.Connector\SkyEye.Connector.csproj", "{BE9899F3-ACBA-4A65-8E83-BAABFDADDC4E}"
EndProject
Project("{FAE04EC0-301F-11D3-BF4B-00C04F79EFBC}") = "SkyEye.UI", "SkyEye.UI\SkyEye.UI.csproj", "{9B81943C-52FA-4930-A130-6B70929F6856}"
EndProject
Global
	GlobalSection(SolutionConfigurationPlatforms) = preSolution
		Debug|Any CPU = Debug|Any CPU
		Debug|x64 = Debug|x64
		Release|Any CPU = Release|Any CPU
		Release|x64 = Release|x64
	EndGlobalSection
	GlobalSection(ProjectConfigurationPlatforms) = postSolution
		{BE9899F3-ACBA-4A65-8E83-BAABFDADDC4E}.Debug|Any CPU.ActiveCfg = Debug|Any CPU
		{BE9899F3-ACBA-4A65-8E83-BAABFDADDC4E}.Debug|Any CPU.Build.0 = Debug|Any CPU
		{BE9899F3-ACBA-4A65-8E83-BAABFDADDC4E}.Debug|x64.ActiveCfg = Debug|x64
		{BE9899F3-ACBA-4A65-8E83-BAABFDADDC4E}.Debug|x64.Build.0 = Debug|x64
		{BE9899F3-ACBA-4A65-8E83-BAABFDADDC4E}.Release|Any CPU.ActiveCfg = Release|Any CPU
		{BE9899F3-ACBA-4A65-8E83-BAABFDADDC4E}.Release|Any CPU.Build.0 = Release|Any CPU
		{BE9899F3-ACBA-4A65-8E83-BAABFDADDC4E}.Release|x64.ActiveCfg = Release|x64
		{BE9899F3-ACBA-4A65-8E83-BAABFDADDC4E}.Release|x64.Build.0 = Release|x64
		{9B81943C-52FA-4930-A130-6B70929F6856}.Debug|Any CPU.ActiveCfg = Debug|Any CPU
		{9B81943C-52FA-4930-A130-6B70929F6856}.Debug|Any CPU.Build.0 = Debug|Any CPU
		{9B81943C-52FA-4930-A130-6B70929F6856}.Debug|x64.ActiveCfg = Debug|x64
		{9B81943C-52FA-4930-A130-6B70929F6856}.Debug|x64.Build.0 = Debug|x64
		{9B81943C-52FA-4930-A130-6B70929F6856}.Release|Any CPU.ActiveCfg = Release|Any CPU
		{9B81943C-52FA-4930-A130-6B70929F6856}.Release|Any CPU.Build.0 = Release|Any CPU
		{9B81943C-52FA-4930-A130-6B70929F6856}.Release|x64.ActiveCfg = Release|x64
		{9B81943C-52FA-4930-A130-6B70929F6856}.Release|x64.Build.0 = Release|x64
	EndGlobalSection
	GlobalSection(SolutionProperties) = preSolution
		HideSolutionNode = FALSE
	EndGlobalSection
	GlobalSection(ExtensibilityGlobals) = postSolution
		SolutionGuid = {A0E14263-6782-4839-94C5-7A6E8E21F640}
	EndGlobalSection
EndGlobal
